
Microsoft Visual Studio Solution File, Format Version 12.00
# Visual Studio Version 16
VisualStudioVersion = 16.0.30225.117
MinimumVisualStudioVersion = 10.0.40219.1
Project("{9A19103F-16F7-4668-BE54-9A1E7A4F7556}") = "ConsoleApp.Rpg", "ConsoleApp.Rpg\ConsoleApp.Rpg.csproj", "{5F0F8222-3CA1-4F84-B1D5-144DBEBEE140}"
EndProject
Project("{FAE04EC0-301F-11D3-BF4B-00C04F79EFBC}") = "WpfApp.Rpg", "WpfApp.Rpg\WpfApp.Rpg.csproj", "{4D2B43EF-AC2F-4E59-8465-891F7650229B}"
EndProject
Global
	GlobalSection(SolutionConfigurationPlatforms) = preSolution
		Debug|Any CPU = Debug|Any CPU
		Release|Any CPU = Release|Any CPU
	EndGlobalSection
	GlobalSection(ProjectConfigurationPlatforms) = postSolution
		{5F0F8222-3CA1-4F84-B1D5-144DBEBEE140}.Debug|Any CPU.ActiveCfg = Debug|Any CPU
		{5F0F8222-3CA1-4F84-B1D5-144DBEBEE140}.Debug|Any CPU.Build.0 = Debug|Any CPU
		{5F0F8222-3CA1-4F84-B1D5-144DBEBEE140}.Release|Any CPU.ActiveCfg = Release|Any CPU
		{5F0F8222-3CA1-4F84-B1D5-144DBEBEE140}.Release|Any CPU.Build.0 = Release|Any CPU
		{4D2B43EF-AC2F-4E59-8465-891F7650229B}.Debug|Any CPU.ActiveCfg = Debug|Any CPU
		{4D2B43EF-AC2F-4E59-8465-891F7650229B}.Debug|Any CPU.Build.0 = Debug|Any CPU
		{4D2B43EF-AC2F-4E59-8465-891F7650229B}.Release|Any CPU.ActiveCfg = Release|Any CPU
		{4D2B43EF-AC2F-4E59-8465-891F7650229B}.Release|Any CPU.Build.0 = Release|Any CPU
	EndGlobalSection
	GlobalSection(SolutionProperties) = preSolution
		HideSolutionNode = FALSE
	EndGlobalSection
	GlobalSection(ExtensibilityGlobals) = postSolution
		SolutionGuid = {768FDBA6-CDE1-4072-AB60-001CA9FE9B2C}
	EndGlobalSection
EndGlobal
